// !$*UTF8*$!
{
	archiveVersion = 1;
	classes = {
	};
	objectVersion = 46;
	objects = {

/* Begin PBXBuildFile section */
		1A26A0961A85D910009847E2 /* main.m in Sources */ = {isa = PBXBuildFile; fileRef = 1A26A0951A85D910009847E2 /* main.m */; };
		1A26A0991A85D910009847E2 /* AppDelegate.m in Sources */ = {isa = PBXBuildFile; fileRef = 1A26A0981A85D910009847E2 /* AppDelegate.m */; };
		1A26A09C1A85D910009847E2 /* ViewController.m in Sources */ = {isa = PBXBuildFile; fileRef = 1A26A09B1A85D910009847E2 /* ViewController.m */; };
		1A26A09F1A85D910009847E2 /* Main.storyboard in Resources */ = {isa = PBXBuildFile; fileRef = 1A26A09D1A85D910009847E2 /* Main.storyboard */; };
		1A26A0A11A85D910009847E2 /* Images.xcassets in Resources */ = {isa = PBXBuildFile; fileRef = 1A26A0A01A85D910009847E2 /* Images.xcassets */; };
		1A26A0A41A85D910009847E2 /* LaunchScreen.xib in Resources */ = {isa = PBXBuildFile; fileRef = 1A26A0A21A85D910009847E2 /* LaunchScreen.xib */; };
		1A26A0B01A85D910009847E2 /* ObjectiveSpringTests.m in Sources */ = {isa = PBXBuildFile; fileRef = 1A26A0AF1A85D910009847E2 /* ObjectiveSpringTests.m */; };
		1AF030041B21905700F9F0C6 /* AsyncButton.swift in Sources */ = {isa = PBXBuildFile; fileRef = 1AF02FE61B21905700F9F0C6 /* AsyncButton.swift */; };
		1AF030051B21905700F9F0C6 /* AsyncImageView.swift in Sources */ = {isa = PBXBuildFile; fileRef = 1AF02FE71B21905700F9F0C6 /* AsyncImageView.swift */; };
		1AF030061B21905700F9F0C6 /* AutoTextView.swift in Sources */ = {isa = PBXBuildFile; fileRef = 1AF02FE81B21905700F9F0C6 /* AutoTextView.swift */; };
		1AF030071B21905700F9F0C6 /* BlurView.swift in Sources */ = {isa = PBXBuildFile; fileRef = 1AF02FE91B21905700F9F0C6 /* BlurView.swift */; };
		1AF030081B21905700F9F0C6 /* DesignableButton.swift in Sources */ = {isa = PBXBuildFile; fileRef = 1AF02FEA1B21905700F9F0C6 /* DesignableButton.swift */; };
		1AF030091B21905700F9F0C6 /* DesignableImageView.swift in Sources */ = {isa = PBXBuildFile; fileRef = 1AF02FEB1B21905700F9F0C6 /* DesignableImageView.swift */; };
		1AF0300A1B21905700F9F0C6 /* DesignableLabel.swift in Sources */ = {isa = PBXBuildFile; fileRef = 1AF02FEC1B21905700F9F0C6 /* DesignableLabel.swift */; };
		1AF0300B1B21905700F9F0C6 /* DesignableTabBarController.swift in Sources */ = {isa = PBXBuildFile; fileRef = 1AF02FED1B21905700F9F0C6 /* DesignableTabBarController.swift */; };
		1AF0300C1B21905700F9F0C6 /* DesignableTextField.swift in Sources */ = {isa = PBXBuildFile; fileRef = 1AF02FEE1B21905700F9F0C6 /* DesignableTextField.swift */; };
		1AF0300D1B21905700F9F0C6 /* DesignableTextView.swift in Sources */ = {isa = PBXBuildFile; fileRef = 1AF02FEF1B21905700F9F0C6 /* DesignableTextView.swift */; };
		1AF0300E1B21905700F9F0C6 /* DesignableView.swift in Sources */ = {isa = PBXBuildFile; fileRef = 1AF02FF01B21905700F9F0C6 /* DesignableView.swift */; };
		1AF0300F1B21905700F9F0C6 /* ImageLoader.swift in Sources */ = {isa = PBXBuildFile; fileRef = 1AF02FF11B21905700F9F0C6 /* ImageLoader.swift */; };
		1AF030101B21905700F9F0C6 /* Info.plist in Resources */ = {isa = PBXBuildFile; fileRef = 1AF02FF21B21905700F9F0C6 /* Info.plist */; };
		1AF030111B21905700F9F0C6 /* KeyboardLayoutConstraint.swift in Sources */ = {isa = PBXBuildFile; fileRef = 1AF02FF31B21905700F9F0C6 /* KeyboardLayoutConstraint.swift */; };
		1AF030121B21905700F9F0C6 /* LoadingView.swift in Sources */ = {isa = PBXBuildFile; fileRef = 1AF02FF41B21905700F9F0C6 /* LoadingView.swift */; };
		1AF030131B21905700F9F0C6 /* LoadingView.xib in Resources */ = {isa = PBXBuildFile; fileRef = 1AF02FF51B21905700F9F0C6 /* LoadingView.xib */; };
		1AF030141B21905700F9F0C6 /* Misc.swift in Sources */ = {isa = PBXBuildFile; fileRef = 1AF02FF61B21905700F9F0C6 /* Misc.swift */; };
		1AF030151B21905700F9F0C6 /* SoundPlayer.swift in Sources */ = {isa = PBXBuildFile; fileRef = 1AF02FF71B21905700F9F0C6 /* SoundPlayer.swift */; };
		1AF030161B21905700F9F0C6 /* Spring.swift in Sources */ = {isa = PBXBuildFile; fileRef = 1AF02FF91B21905700F9F0C6 /* Spring.swift */; };
		1AF030171B21905700F9F0C6 /* SpringAnimation.swift in Sources */ = {isa = PBXBuildFile; fileRef = 1AF02FFA1B21905700F9F0C6 /* SpringAnimation.swift */; };
		1AF030181B21905700F9F0C6 /* SpringButton.swift in Sources */ = {isa = PBXBuildFile; fileRef = 1AF02FFB1B21905700F9F0C6 /* SpringButton.swift */; };
		1AF030191B21905700F9F0C6 /* SpringImageView.swift in Sources */ = {isa = PBXBuildFile; fileRef = 1AF02FFC1B21905700F9F0C6 /* SpringImageView.swift */; };
		1AF0301A1B21905700F9F0C6 /* SpringLabel.swift in Sources */ = {isa = PBXBuildFile; fileRef = 1AF02FFD1B21905700F9F0C6 /* SpringLabel.swift */; };
		1AF0301B1B21905700F9F0C6 /* SpringTextField.swift in Sources */ = {isa = PBXBuildFile; fileRef = 1AF02FFE1B21905700F9F0C6 /* SpringTextField.swift */; };
		1AF0301C1B21905700F9F0C6 /* SpringTextView.swift in Sources */ = {isa = PBXBuildFile; fileRef = 1AF02FFF1B21905700F9F0C6 /* SpringTextView.swift */; };
		1AF0301D1B21905700F9F0C6 /* SpringView.swift in Sources */ = {isa = PBXBuildFile; fileRef = 1AF030001B21905700F9F0C6 /* SpringView.swift */; };
		1AF0301E1B21905700F9F0C6 /* TransitionManager.swift in Sources */ = {isa = PBXBuildFile; fileRef = 1AF030011B21905700F9F0C6 /* TransitionManager.swift */; };
		1AF0301F1B21905700F9F0C6 /* TransitionZoom.swift in Sources */ = {isa = PBXBuildFile; fileRef = 1AF030021B21905700F9F0C6 /* TransitionZoom.swift */; };
		1AF030201B21905700F9F0C6 /* UnwindSegue.swift in Sources */ = {isa = PBXBuildFile; fileRef = 1AF030031B21905700F9F0C6 /* UnwindSegue.swift */; };
/* End PBXBuildFile section */

/* Begin PBXContainerItemProxy section */
		1A26A0AA1A85D910009847E2 /* PBXContainerItemProxy */ = {
			isa = PBXContainerItemProxy;
			containerPortal = 1A26A0881A85D910009847E2 /* Project object */;
			proxyType = 1;
			remoteGlobalIDString = 1A26A08F1A85D910009847E2;
			remoteInfo = ObjectiveSpring;
		};
/* End PBXContainerItemProxy section */

/* Begin PBXFileReference section */
		1A26A0901A85D910009847E2 /* ObjectiveSpring.app */ = {isa = PBXFileReference; explicitFileType = wrapper.application; includeInIndex = 0; path = ObjectiveSpring.app; sourceTree = BUILT_PRODUCTS_DIR; };
		1A26A0941A85D910009847E2 /* Info.plist */ = {isa = PBXFileReference; lastKnownFileType = text.plist.xml; path = Info.plist; sourceTree = "<group>"; };
		1A26A0951A85D910009847E2 /* main.m */ = {isa = PBXFileReference; lastKnownFileType = sourcecode.c.objc; path = main.m; sourceTree = "<group>"; };
		1A26A0971A85D910009847E2 /* AppDelegate.h */ = {isa = PBXFileReference; lastKnownFileType = sourcecode.c.h; path = AppDelegate.h; sourceTree = "<group>"; };
		1A26A0981A85D910009847E2 /* AppDelegate.m */ = {isa = PBXFileReference; lastKnownFileType = sourcecode.c.objc; path = AppDelegate.m; sourceTree = "<group>"; };
		1A26A09A1A85D910009847E2 /* ViewController.h */ = {isa = PBXFileReference; lastKnownFileType = sourcecode.c.h; path = ViewController.h; sourceTree = "<group>"; };
		1A26A09B1A85D910009847E2 /* ViewController.m */ = {isa = PBXFileReference; lastKnownFileType = sourcecode.c.objc; path = ViewController.m; sourceTree = "<group>"; };
		1A26A09E1A85D910009847E2 /* Base */ = {isa = PBXFileReference; lastKnownFileType = file.storyboard; name = Base; path = Base.lproj/Main.storyboard; sourceTree = "<group>"; };
		1A26A0A01A85D910009847E2 /* Images.xcassets */ = {isa = PBXFileReference; lastKnownFileType = folder.assetcatalog; path = Images.xcassets; sourceTree = "<group>"; };
		1A26A0A31A85D910009847E2 /* Base */ = {isa = PBXFileReference; lastKnownFileType = file.xib; name = Base; path = Base.lproj/LaunchScreen.xib; sourceTree = "<group>"; };
		1A26A0A91A85D910009847E2 /* ObjectiveSpringTests.xctest */ = {isa = PBXFileReference; explicitFileType = wrapper.cfbundle; includeInIndex = 0; path = ObjectiveSpringTests.xctest; sourceTree = BUILT_PRODUCTS_DIR; };
		1A26A0AE1A85D910009847E2 /* Info.plist */ = {isa = PBXFileReference; lastKnownFileType = text.plist.xml; path = Info.plist; sourceTree = "<group>"; };
		1A26A0AF1A85D910009847E2 /* ObjectiveSpringTests.m */ = {isa = PBXFileReference; lastKnownFileType = sourcecode.c.objc; path = ObjectiveSpringTests.m; sourceTree = "<group>"; };
		1AF02FE61B21905700F9F0C6 /* AsyncButton.swift */ = {isa = PBXFileReference; fileEncoding = 4; lastKnownFileType = sourcecode.swift; path = AsyncButton.swift; sourceTree = "<group>"; };
		1AF02FE71B21905700F9F0C6 /* AsyncImageView.swift */ = {isa = PBXFileReference; fileEncoding = 4; lastKnownFileType = sourcecode.swift; path = AsyncImageView.swift; sourceTree = "<group>"; };
		1AF02FE81B21905700F9F0C6 /* AutoTextView.swift */ = {isa = PBXFileReference; fileEncoding = 4; lastKnownFileType = sourcecode.swift; path = AutoTextView.swift; sourceTree = "<group>"; };
		1AF02FE91B21905700F9F0C6 /* BlurView.swift */ = {isa = PBXFileReference; fileEncoding = 4; lastKnownFileType = sourcecode.swift; path = BlurView.swift; sourceTree = "<group>"; };
		1AF02FEA1B21905700F9F0C6 /* DesignableButton.swift */ = {isa = PBXFileReference; fileEncoding = 4; lastKnownFileType = sourcecode.swift; path = DesignableButton.swift; sourceTree = "<group>"; };
		1AF02FEB1B21905700F9F0C6 /* DesignableImageView.swift */ = {isa = PBXFileReference; fileEncoding = 4; lastKnownFileType = sourcecode.swift; path = DesignableImageView.swift; sourceTree = "<group>"; };
		1AF02FEC1B21905700F9F0C6 /* DesignableLabel.swift */ = {isa = PBXFileReference; fileEncoding = 4; lastKnownFileType = sourcecode.swift; path = DesignableLabel.swift; sourceTree = "<group>"; };
		1AF02FED1B21905700F9F0C6 /* DesignableTabBarController.swift */ = {isa = PBXFileReference; fileEncoding = 4; lastKnownFileType = sourcecode.swift; path = DesignableTabBarController.swift; sourceTree = "<group>"; };
		1AF02FEE1B21905700F9F0C6 /* DesignableTextField.swift */ = {isa = PBXFileReference; fileEncoding = 4; lastKnownFileType = sourcecode.swift; path = DesignableTextField.swift; sourceTree = "<group>"; };
		1AF02FEF1B21905700F9F0C6 /* DesignableTextView.swift */ = {isa = PBXFileReference; fileEncoding = 4; lastKnownFileType = sourcecode.swift; path = DesignableTextView.swift; sourceTree = "<group>"; };
		1AF02FF01B21905700F9F0C6 /* DesignableView.swift */ = {isa = PBXFileReference; fileEncoding = 4; lastKnownFileType = sourcecode.swift; path = DesignableView.swift; sourceTree = "<group>"; };
		1AF02FF11B21905700F9F0C6 /* ImageLoader.swift */ = {isa = PBXFileReference; fileEncoding = 4; lastKnownFileType = sourcecode.swift; path = ImageLoader.swift; sourceTree = "<group>"; };
		1AF02FF21B21905700F9F0C6 /* Info.plist */ = {isa = PBXFileReference; fileEncoding = 4; lastKnownFileType = text.plist.xml; path = Info.plist; sourceTree = "<group>"; };
		1AF02FF31B21905700F9F0C6 /* KeyboardLayoutConstraint.swift */ = {isa = PBXFileReference; fileEncoding = 4; lastKnownFileType = sourcecode.swift; path = KeyboardLayoutConstraint.swift; sourceTree = "<group>"; };
		1AF02FF41B21905700F9F0C6 /* LoadingView.swift */ = {isa = PBXFileReference; fileEncoding = 4; lastKnownFileType = sourcecode.swift; path = LoadingView.swift; sourceTree = "<group>"; };
		1AF02FF51B21905700F9F0C6 /* LoadingView.xib */ = {isa = PBXFileReference; fileEncoding = 4; lastKnownFileType = file.xib; path = LoadingView.xib; sourceTree = "<group>"; };
		1AF02FF61B21905700F9F0C6 /* Misc.swift */ = {isa = PBXFileReference; fileEncoding = 4; lastKnownFileType = sourcecode.swift; path = Misc.swift; sourceTree = "<group>"; };
		1AF02FF71B21905700F9F0C6 /* SoundPlayer.swift */ = {isa = PBXFileReference; fileEncoding = 4; lastKnownFileType = sourcecode.swift; path = SoundPlayer.swift; sourceTree = "<group>"; };
		1AF02FF81B21905700F9F0C6 /* Spring.h */ = {isa = PBXFileReference; fileEncoding = 4; lastKnownFileType = sourcecode.c.h; path = Spring.h; sourceTree = "<group>"; };
		1AF02FF91B21905700F9F0C6 /* Spring.swift */ = {isa = PBXFileReference; fileEncoding = 4; lastKnownFileType = sourcecode.swift; path = Spring.swift; sourceTree = "<group>"; };
		1AF02FFA1B21905700F9F0C6 /* SpringAnimation.swift */ = {isa = PBXFileReference; fileEncoding = 4; lastKnownFileType = sourcecode.swift; path = SpringAnimation.swift; sourceTree = "<group>"; };
		1AF02FFB1B21905700F9F0C6 /* SpringButton.swift */ = {isa = PBXFileReference; fileEncoding = 4; lastKnownFileType = sourcecode.swift; path = SpringButton.swift; sourceTree = "<group>"; };
		1AF02FFC1B21905700F9F0C6 /* SpringImageView.swift */ = {isa = PBXFileReference; fileEncoding = 4; lastKnownFileType = sourcecode.swift; path = SpringImageView.swift; sourceTree = "<group>"; };
		1AF02FFD1B21905700F9F0C6 /* SpringLabel.swift */ = {isa = PBXFileReference; fileEncoding = 4; lastKnownFileType = sourcecode.swift; path = SpringLabel.swift; sourceTree = "<group>"; };
		1AF02FFE1B21905700F9F0C6 /* SpringTextField.swift */ = {isa = PBXFileReference; fileEncoding = 4; lastKnownFileType = sourcecode.swift; path = SpringTextField.swift; sourceTree = "<group>"; };
		1AF02FFF1B21905700F9F0C6 /* SpringTextView.swift */ = {isa = PBXFileReference; fileEncoding = 4; lastKnownFileType = sourcecode.swift; path = SpringTextView.swift; sourceTree = "<group>"; };
		1AF030001B21905700F9F0C6 /* SpringView.swift */ = {isa = PBXFileReference; fileEncoding = 4; lastKnownFileType = sourcecode.swift; path = SpringView.swift; sourceTree = "<group>"; };
		1AF030011B21905700F9F0C6 /* TransitionManager.swift */ = {isa = PBXFileReference; fileEncoding = 4; lastKnownFileType = sourcecode.swift; path = TransitionManager.swift; sourceTree = "<group>"; };
		1AF030021B21905700F9F0C6 /* TransitionZoom.swift */ = {isa = PBXFileReference; fileEncoding = 4; lastKnownFileType = sourcecode.swift; path = TransitionZoom.swift; sourceTree = "<group>"; };
		1AF030031B21905700F9F0C6 /* UnwindSegue.swift */ = {isa = PBXFileReference; fileEncoding = 4; lastKnownFileType = sourcecode.swift; path = UnwindSegue.swift; sourceTree = "<group>"; };
/* End PBXFileReference section */

/* Begin PBXFrameworksBuildPhase section */
		1A26A08D1A85D910009847E2 /* Frameworks */ = {
			isa = PBXFrameworksBuildPhase;
			buildActionMask = 2147483647;
			files = (
			);
			runOnlyForDeploymentPostprocessing = 0;
		};
		1A26A0A61A85D910009847E2 /* Frameworks */ = {
			isa = PBXFrameworksBuildPhase;
			buildActionMask = 2147483647;
			files = (
			);
			runOnlyForDeploymentPostprocessing = 0;
		};
/* End PBXFrameworksBuildPhase section */

/* Begin PBXGroup section */
		1A26A0871A85D910009847E2 = {
			isa = PBXGroup;
			children = (
				1A26A0921A85D910009847E2 /* ObjectiveSpring */,
				1A26A0AC1A85D910009847E2 /* ObjectiveSpringTests */,
				1A26A0911A85D910009847E2 /* Products */,
			);
			sourceTree = "<group>";
		};
		1A26A0911A85D910009847E2 /* Products */ = {
			isa = PBXGroup;
			children = (
				1A26A0901A85D910009847E2 /* ObjectiveSpring.app */,
				1A26A0A91A85D910009847E2 /* ObjectiveSpringTests.xctest */,
			);
			name = Products;
			sourceTree = "<group>";
		};
		1A26A0921A85D910009847E2 /* ObjectiveSpring */ = {
			isa = PBXGroup;
			children = (
				1AF02FE51B21905700F9F0C6 /* Spring */,
				1A26A0971A85D910009847E2 /* AppDelegate.h */,
				1A26A0981A85D910009847E2 /* AppDelegate.m */,
				1A26A09A1A85D910009847E2 /* ViewController.h */,
				1A26A09B1A85D910009847E2 /* ViewController.m */,
				1A26A09D1A85D910009847E2 /* Main.storyboard */,
				1A26A0A01A85D910009847E2 /* Images.xcassets */,
				1A26A0A21A85D910009847E2 /* LaunchScreen.xib */,
				1A26A0931A85D910009847E2 /* Supporting Files */,
			);
			path = ObjectiveSpring;
			sourceTree = "<group>";
		};
		1A26A0931A85D910009847E2 /* Supporting Files */ = {
			isa = PBXGroup;
			children = (
				1A26A0941A85D910009847E2 /* Info.plist */,
				1A26A0951A85D910009847E2 /* main.m */,
			);
			name = "Supporting Files";
			sourceTree = "<group>";
		};
		1A26A0AC1A85D910009847E2 /* ObjectiveSpringTests */ = {
			isa = PBXGroup;
			children = (
				1A26A0AF1A85D910009847E2 /* ObjectiveSpringTests.m */,
				1A26A0AD1A85D910009847E2 /* Supporting Files */,
			);
			path = ObjectiveSpringTests;
			sourceTree = "<group>";
		};
		1A26A0AD1A85D910009847E2 /* Supporting Files */ = {
			isa = PBXGroup;
			children = (
				1A26A0AE1A85D910009847E2 /* Info.plist */,
			);
			name = "Supporting Files";
			sourceTree = "<group>";
		};
		1AF02FE51B21905700F9F0C6 /* Spring */ = {
			isa = PBXGroup;
			children = (
				1AF02FE61B21905700F9F0C6 /* AsyncButton.swift */,
				1AF02FE71B21905700F9F0C6 /* AsyncImageView.swift */,
				1AF02FE81B21905700F9F0C6 /* AutoTextView.swift */,
				1AF02FE91B21905700F9F0C6 /* BlurView.swift */,
				1AF02FEA1B21905700F9F0C6 /* DesignableButton.swift */,
				1AF02FEB1B21905700F9F0C6 /* DesignableImageView.swift */,
				1AF02FEC1B21905700F9F0C6 /* DesignableLabel.swift */,
				1AF02FED1B21905700F9F0C6 /* DesignableTabBarController.swift */,
				1AF02FEE1B21905700F9F0C6 /* DesignableTextField.swift */,
				1AF02FEF1B21905700F9F0C6 /* DesignableTextView.swift */,
				1AF02FF01B21905700F9F0C6 /* DesignableView.swift */,
				1AF02FF11B21905700F9F0C6 /* ImageLoader.swift */,
				1AF02FF21B21905700F9F0C6 /* Info.plist */,
				1AF02FF31B21905700F9F0C6 /* KeyboardLayoutConstraint.swift */,
				1AF02FF41B21905700F9F0C6 /* LoadingView.swift */,
				1AF02FF51B21905700F9F0C6 /* LoadingView.xib */,
				1AF02FF61B21905700F9F0C6 /* Misc.swift */,
				1AF02FF71B21905700F9F0C6 /* SoundPlayer.swift */,
				1AF02FF81B21905700F9F0C6 /* Spring.h */,
				1AF02FF91B21905700F9F0C6 /* Spring.swift */,
				1AF02FFA1B21905700F9F0C6 /* SpringAnimation.swift */,
				1AF02FFB1B21905700F9F0C6 /* SpringButton.swift */,
				1AF02FFC1B21905700F9F0C6 /* SpringImageView.swift */,
				1AF02FFD1B21905700F9F0C6 /* SpringLabel.swift */,
				1AF02FFE1B21905700F9F0C6 /* SpringTextField.swift */,
				1AF02FFF1B21905700F9F0C6 /* SpringTextView.swift */,
				1AF030001B21905700F9F0C6 /* SpringView.swift */,
				1AF030011B21905700F9F0C6 /* TransitionManager.swift */,
				1AF030021B21905700F9F0C6 /* TransitionZoom.swift */,
				1AF030031B21905700F9F0C6 /* UnwindSegue.swift */,
			);
			path = Spring;
			sourceTree = "<group>";
		};
/* End PBXGroup section */

/* Begin PBXNativeTarget section */
		1A26A08F1A85D910009847E2 /* ObjectiveSpring */ = {
			isa = PBXNativeTarget;
			buildConfigurationList = 1A26A0B31A85D910009847E2 /* Build configuration list for PBXNativeTarget "ObjectiveSpring" */;
			buildPhases = (
				1A26A08C1A85D910009847E2 /* Sources */,
				1A26A08D1A85D910009847E2 /* Frameworks */,
				1A26A08E1A85D910009847E2 /* Resources */,
			);
			buildRules = (
			);
			dependencies = (
			);
			name = ObjectiveSpring;
			productName = ObjectiveSpring;
			productReference = 1A26A0901A85D910009847E2 /* ObjectiveSpring.app */;
			productType = "com.apple.product-type.application";
		};
		1A26A0A81A85D910009847E2 /* ObjectiveSpringTests */ = {
			isa = PBXNativeTarget;
			buildConfigurationList = 1A26A0B61A85D910009847E2 /* Build configuration list for PBXNativeTarget "ObjectiveSpringTests" */;
			buildPhases = (
				1A26A0A51A85D910009847E2 /* Sources */,
				1A26A0A61A85D910009847E2 /* Frameworks */,
				1A26A0A71A85D910009847E2 /* Resources */,
			);
			buildRules = (
			);
			dependencies = (
				1A26A0AB1A85D910009847E2 /* PBXTargetDependency */,
			);
			name = ObjectiveSpringTests;
			productName = ObjectiveSpringTests;
			productReference = 1A26A0A91A85D910009847E2 /* ObjectiveSpringTests.xctest */;
			productType = "com.apple.product-type.bundle.unit-test";
		};
/* End PBXNativeTarget section */

/* Begin PBXProject section */
		1A26A0881A85D910009847E2 /* Project object */ = {
			isa = PBXProject;
			attributes = {
				LastUpgradeCheck = 0610;
				ORGANIZATIONNAME = "James Tang";
				TargetAttributes = {
					1A26A08F1A85D910009847E2 = {
						CreatedOnToolsVersion = 6.1.1;
					};
					1A26A0A81A85D910009847E2 = {
						CreatedOnToolsVersion = 6.1.1;
						TestTargetID = 1A26A08F1A85D910009847E2;
					};
				};
			};
			buildConfigurationList = 1A26A08B1A85D910009847E2 /* Build configuration list for PBXProject "ObjectiveSpring" */;
			compatibilityVersion = "Xcode 3.2";
			developmentRegion = English;
			hasScannedForEncodings = 0;
			knownRegions = (
				en,
				Base,
			);
			mainGroup = 1A26A0871A85D910009847E2;
			productRefGroup = 1A26A0911A85D910009847E2 /* Products */;
			projectDirPath = "";
			projectRoot = "";
			targets = (
				1A26A08F1A85D910009847E2 /* ObjectiveSpring */,
				1A26A0A81A85D910009847E2 /* ObjectiveSpringTests */,
			);
		};
/* End PBXProject section */

/* Begin PBXResourcesBuildPhase section */
		1A26A08E1A85D910009847E2 /* Resources */ = {
			isa = PBXResourcesBuildPhase;
			buildActionMask = 2147483647;
			files = (
				1AF030101B21905700F9F0C6 /* Info.plist in Resources */,
				1A26A09F1A85D910009847E2 /* Main.storyboard in Resources */,
				1A26A0A41A85D910009847E2 /* LaunchScreen.xib in Resources */,
				1A26A0A11A85D910009847E2 /* Images.xcassets in Resources */,
				1AF030131B21905700F9F0C6 /* LoadingView.xib in Resources */,
			);
			runOnlyForDeploymentPostprocessing = 0;
		};
		1A26A0A71A85D910009847E2 /* Resources */ = {
			isa = PBXResourcesBuildPhase;
			buildActionMask = 2147483647;
			files = (
			);
			runOnlyForDeploymentPostprocessing = 0;
		};
/* End PBXResourcesBuildPhase section */

/* Begin PBXSourcesBuildPhase section */
		1A26A08C1A85D910009847E2 /* Sources */ = {
			isa = PBXSourcesBuildPhase;
			buildActionMask = 2147483647;
			files = (
				1AF0300A1B21905700F9F0C6 /* DesignableLabel.swift in Sources */,
				1AF030191B21905700F9F0C6 /* SpringImageView.swift in Sources */,
				1AF030061B21905700F9F0C6 /* AutoTextView.swift in Sources */,
				1AF0300F1B21905700F9F0C6 /* ImageLoader.swift in Sources */,
				1AF030141B21905700F9F0C6 /* Misc.swift in Sources */,
				1AF030071B21905700F9F0C6 /* BlurView.swift in Sources */,
				1AF030201B21905700F9F0C6 /* UnwindSegue.swift in Sources */,
				1AF030121B21905700F9F0C6 /* LoadingView.swift in Sources */,
				1AF0301B1B21905700F9F0C6 /* SpringTextField.swift in Sources */,
				1AF030161B21905700F9F0C6 /* Spring.swift in Sources */,
				1A26A09C1A85D910009847E2 /* ViewController.m in Sources */,
				1AF030151B21905700F9F0C6 /* SoundPlayer.swift in Sources */,
				1AF0300E1B21905700F9F0C6 /* DesignableView.swift in Sources */,
				1AF0300B1B21905700F9F0C6 /* DesignableTabBarController.swift in Sources */,
				1AF030081B21905700F9F0C6 /* DesignableButton.swift in Sources */,
				1A26A0991A85D910009847E2 /* AppDelegate.m in Sources */,
				1AF0301F1B21905700F9F0C6 /* TransitionZoom.swift in Sources */,
				1AF0300C1B21905700F9F0C6 /* DesignableTextField.swift in Sources */,
				1AF0301E1B21905700F9F0C6 /* TransitionManager.swift in Sources */,
				1AF0301A1B21905700F9F0C6 /* SpringLabel.swift in Sources */,
				1AF030041B21905700F9F0C6 /* AsyncButton.swift in Sources */,
				1AF030051B21905700F9F0C6 /* AsyncImageView.swift in Sources */,
				1AF0300D1B21905700F9F0C6 /* DesignableTextView.swift in Sources */,
				1AF0301D1B21905700F9F0C6 /* SpringView.swift in Sources */,
				1AF0301C1B21905700F9F0C6 /* SpringTextView.swift in Sources */,
				1AF030111B21905700F9F0C6 /* KeyboardLayoutConstraint.swift in Sources */,
				1AF030181B21905700F9F0C6 /* SpringButton.swift in Sources */,
				1AF030171B21905700F9F0C6 /* SpringAnimation.swift in Sources */,
				1AF030091B21905700F9F0C6 /* DesignableImageView.swift in Sources */,
				1A26A0961A85D910009847E2 /* main.m in Sources */,
			);
			runOnlyForDeploymentPostprocessing = 0;
		};
		1A26A0A51A85D910009847E2 /* Sources */ = {
			isa = PBXSourcesBuildPhase;
			buildActionMask = 2147483647;
			files = (
				1A26A0B01A85D910009847E2 /* ObjectiveSpringTests.m in Sources */,
			);
			runOnlyForDeploymentPostprocessing = 0;
		};
/* End PBXSourcesBuildPhase section */

/* Begin PBXTargetDependency section */
		1A26A0AB1A85D910009847E2 /* PBXTargetDependency */ = {
			isa = PBXTargetDependency;
			target = 1A26A08F1A85D910009847E2 /* ObjectiveSpring */;
			targetProxy = 1A26A0AA1A85D910009847E2 /* PBXContainerItemProxy */;
		};
/* End PBXTargetDependency section */

/* Begin PBXVariantGroup section */
		1A26A09D1A85D910009847E2 /* Main.storyboard */ = {
			isa = PBXVariantGroup;
			children = (
				1A26A09E1A85D910009847E2 /* Base */,
			);
			name = Main.storyboard;
			sourceTree = "<group>";
		};
		1A26A0A21A85D910009847E2 /* LaunchScreen.xib */ = {
			isa = PBXVariantGroup;
			children = (
				1A26A0A31A85D910009847E2 /* Base */,
			);
			name = LaunchScreen.xib;
			sourceTree = "<group>";
		};
/* End PBXVariantGroup section */

/* Begin XCBuildConfiguration section */
		1A26A0B11A85D910009847E2 /* Debug */ = {
			isa = XCBuildConfiguration;
			buildSettings = {
				ALWAYS_SEARCH_USER_PATHS = NO;
				CLANG_CXX_LANGUAGE_STANDARD = "gnu++0x";
				CLANG_CXX_LIBRARY = "libc++";
				CLANG_ENABLE_MODULES = YES;
				CLANG_ENABLE_OBJC_ARC = YES;
				CLANG_WARN_BOOL_CONVERSION = YES;
				CLANG_WARN_CONSTANT_CONVERSION = YES;
				CLANG_WARN_DIRECT_OBJC_ISA_USAGE = YES_ERROR;
				CLANG_WARN_EMPTY_BODY = YES;
				CLANG_WARN_ENUM_CONVERSION = YES;
				CLANG_WARN_INT_CONVERSION = YES;
				CLANG_WARN_OBJC_ROOT_CLASS = YES_ERROR;
				CLANG_WARN_UNREACHABLE_CODE = YES;
				CLANG_WARN__DUPLICATE_METHOD_MATCH = YES;
				"CODE_SIGN_IDENTITY[sdk=iphoneos*]" = "iPhone Developer";
				COPY_PHASE_STRIP = NO;
				ENABLE_STRICT_OBJC_MSGSEND = YES;
				GCC_C_LANGUAGE_STANDARD = gnu99;
				GCC_DYNAMIC_NO_PIC = NO;
				GCC_OPTIMIZATION_LEVEL = 0;
				GCC_PREPROCESSOR_DEFINITIONS = (
					"DEBUG=1",
					"$(inherited)",
				);
				GCC_SYMBOLS_PRIVATE_EXTERN = NO;
				GCC_WARN_64_TO_32_BIT_CONVERSION = YES;
				GCC_WARN_ABOUT_RETURN_TYPE = YES_ERROR;
				GCC_WARN_UNDECLARED_SELECTOR = YES;
				GCC_WARN_UNINITIALIZED_AUTOS = YES_AGGRESSIVE;
				GCC_WARN_UNUSED_FUNCTION = YES;
				GCC_WARN_UNUSED_VARIABLE = YES;
				IPHONEOS_DEPLOYMENT_TARGET = 8.1;
				MTL_ENABLE_DEBUG_INFO = YES;
				ONLY_ACTIVE_ARCH = YES;
				SDKROOT = iphoneos;
			};
			name = Debug;
		};
		1A26A0B21A85D910009847E2 /* Release */ = {
			isa = XCBuildConfiguration;
			buildSettings = {
				ALWAYS_SEARCH_USER_PATHS = NO;
				CLANG_CXX_LANGUAGE_STANDARD = "gnu++0x";
				CLANG_CXX_LIBRARY = "libc++";
				CLANG_ENABLE_MODULES = YES;
				CLANG_ENABLE_OBJC_ARC = YES;
				CLANG_WARN_BOOL_CONVERSION = YES;
				CLANG_WARN_CONSTANT_CONVERSION = YES;
				CLANG_WARN_DIRECT_OBJC_ISA_USAGE = YES_ERROR;
				CLANG_WARN_EMPTY_BODY = YES;
				CLANG_WARN_ENUM_CONVERSION = YES;
				CLANG_WARN_INT_CONVERSION = YES;
				CLANG_WARN_OBJC_ROOT_CLASS = YES_ERROR;
				CLANG_WARN_UNREACHABLE_CODE = YES;
				CLANG_WARN__DUPLICATE_METHOD_MATCH = YES;
				"CODE_SIGN_IDENTITY[sdk=iphoneos*]" = "iPhone Developer";
				COPY_PHASE_STRIP = YES;
				ENABLE_NS_ASSERTIONS = NO;
				ENABLE_STRICT_OBJC_MSGSEND = YES;
				GCC_C_LANGUAGE_STANDARD = gnu99;
				GCC_WARN_64_TO_32_BIT_CONVERSION = YES;
				GCC_WARN_ABOUT_RETURN_TYPE = YES_ERROR;
				GCC_WARN_UNDECLARED_SELECTOR = YES;
				GCC_WARN_UNINITIALIZED_AUTOS = YES_AGGRESSIVE;
				GCC_WARN_UNUSED_FUNCTION = YES;
				GCC_WARN_UNUSED_VARIABLE = YES;
				IPHONEOS_DEPLOYMENT_TARGET = 8.1;
				MTL_ENABLE_DEBUG_INFO = NO;
				SDKROOT = iphoneos;
				VALIDATE_PRODUCT = YES;
			};
			name = Release;
		};
		1A26A0B41A85D910009847E2 /* Debug */ = {
			isa = XCBuildConfiguration;
			buildSettings = {
				ASSETCATALOG_COMPILER_APPICON_NAME = AppIcon;
				INFOPLIST_FILE = ObjectiveSpring/Info.plist;
				LD_RUNPATH_SEARCH_PATHS = "$(inherited) @executable_path/Frameworks";
				PRODUCT_NAME = "$(TARGET_NAME)";
			};
			name = Debug;
		};
		1A26A0B51A85D910009847E2 /* Release */ = {
			isa = XCBuildConfiguration;
			buildSettings = {
				ASSETCATALOG_COMPILER_APPICON_NAME = AppIcon;
				INFOPLIST_FILE = ObjectiveSpring/Info.plist;
				LD_RUNPATH_SEARCH_PATHS = "$(inherited) @executable_path/Frameworks";
				PRODUCT_NAME = "$(TARGET_NAME)";
			};
			name = Release;
		};
		1A26A0B71A85D910009847E2 /* Debug */ = {
			isa = XCBuildConfiguration;
			buildSettings = {
				BUNDLE_LOADER = "$(TEST_HOST)";
				FRAMEWORK_SEARCH_PATHS = (
					"$(SDKROOT)/Developer/Library/Frameworks",
					"$(inherited)",
				);
				GCC_PREPROCESSOR_DEFINITIONS = (
					"DEBUG=1",
					"$(inherited)",
				);
				INFOPLIST_FILE = ObjectiveSpringTests/Info.plist;
				LD_RUNPATH_SEARCH_PATHS = "$(inherited) @executable_path/Frameworks @loader_path/Frameworks";
				PRODUCT_NAME = "$(TARGET_NAME)";
				TEST_HOST = "$(BUILT_PRODUCTS_DIR)/ObjectiveSpring.app/ObjectiveSpring";
			};
			name = Debug;
		};
		1A26A0B81A85D910009847E2 /* Release */ = {
			isa = XCBuildConfiguration;
			buildSettings = {
				BUNDLE_LOADER = "$(TEST_HOST)";
				FRAMEWORK_SEARCH_PATHS = (
					"$(SDKROOT)/Developer/Library/Frameworks",
					"$(inherited)",
				);
				INFOPLIST_FILE = ObjectiveSpringTests/Info.plist;
				LD_RUNPATH_SEARCH_PATHS = "$(inherited) @executable_path/Frameworks @loader_path/Frameworks";
				PRODUCT_NAME = "$(TARGET_NAME)";
				TEST_HOST = "$(BUILT_PRODUCTS_DIR)/ObjectiveSpring.app/ObjectiveSpring";
			};
			name = Release;
		};
/* End XCBuildConfiguration section */

/* Begin XCConfigurationList section */
		1A26A08B1A85D910009847E2 /* Build configuration list for PBXProject "ObjectiveSpring" */ = {
			isa = XCConfigurationList;
			buildConfigurations = (
				1A26A0B11A85D910009847E2 /* Debug */,
				1A26A0B21A85D910009847E2 /* Release */,
			);
			defaultConfigurationIsVisible = 0;
			defaultConfigurationName = Release;
		};
		1A26A0B31A85D910009847E2 /* Build configuration list for PBXNativeTarget "ObjectiveSpring" */ = {
			isa = XCConfigurationList;
			buildConfigurations = (
				1A26A0B41A85D910009847E2 /* Debug */,
				1A26A0B51A85D910009847E2 /* Release */,
			);
			defaultConfigurationIsVisible = 0;
			defaultConfigurationName = Release;
		};
		1A26A0B61A85D910009847E2 /* Build configuration list for PBXNativeTarget "ObjectiveSpringTests" */ = {
			isa = XCConfigurationList;
			buildConfigurations = (
				1A26A0B71A85D910009847E2 /* Debug */,
				1A26A0B81A85D910009847E2 /* Release */,
			);
			defaultConfigurationIsVisible = 0;
			defaultConfigurationName = Release;
		};
/* End XCConfigurationList section */
	};
	rootObject = 1A26A0881A85D910009847E2 /* Project object */;
}
